{
  "name": "project",
  "version": "1.0.0",
  "lockfileVersion": 1,
  "requires": true,
  "dependencies": {
    "@interactjs/types": {
      "version": "1.10.8",
      "resolved": "https://registry.npmjs.org/@interactjs/types/-/types-1.10.8.tgz",
      "integrity": "sha512-qU2QfnN7r8AU4mSd2W3XmRtR0d35R1PReIT9b5YzpNLX9S0OQgNBLrEEFyXpa9alq/9h6wYNIwPCVAsknF5uZw=="
    },
    "interactjs": {
      "version": "1.10.8",
      "resolved": "https://registry.npmjs.org/interactjs/-/interactjs-1.10.8.tgz",
      "integrity": "sha512-hIU82lF9mplmAHVTUmZbHMHKm96AwlD0zWGuf9krKt2dhALHsMOdU+yVilPqIv1VpNAGV66F9B14Rfs4ulS2nA==",
      "requires": {
        "@interactjs/types": "1.10.8"
      }
    },
    "jquery": {
      "version": "3.6.0",
      "resolved": "https://registry.npmjs.org/jquery/-/jquery-3.6.0.tgz",
      "integrity": "sha512-JVzAR/AjBvVt2BmYhxRCSYysDsPcssdmTFnzyLEts9qNwmjmu4JTAMYubEfwVOSwpQ1I1sKKFcxhZCI2buerfw=="
    }
  }
}
